
Microsoft Visual Studio Solution File, Format Version 12.00
# Visual Studio Version 16
VisualStudioVersion = 16.0.30204.135
MinimumVisualStudioVersion = 10.0.40219.1
Project("{FAE04EC0-301F-11D3-BF4B-00C04F79EFBC}") = "1_TypyGeneryczne", "1_TypyGeneryczne\1_TypyGeneryczne.csproj", "{47D104C2-C4A7-4FD5-A1B5-D970B51D93BB}"
EndProject
Project("{FAE04EC0-301F-11D3-BF4B-00C04F79EFBC}") = "2_KolekcjeGeneryczne", "2_KolekcjeGeneryczne\2_KolekcjeGeneryczne.csproj", "{C34189CA-E917-4856-B3ED-25805482894D}"
EndProject
Project("{FAE04EC0-301F-11D3-BF4B-00C04F79EFBC}") = "UnitTestTypyGeneryczne", "UnitTestTypyGeneryczne\UnitTestTypyGeneryczne.csproj", "{AEF1D463-4EAE-4B11-AF00-351B5049F423}"
EndProject
Project("{FAE04EC0-301F-11D3-BF4B-00C04F79EFBC}") = "3_KlasyIInterfejsyGeneryczne", "3_KlasyIInterfejsyGeneryczne\3_KlasyIInterfejsyGeneryczne.csproj", "{8DD6167B-C34E-45FA-AF6D-CDCAC93325AF}"
EndProject
Project("{FAE04EC0-301F-11D3-BF4B-00C04F79EFBC}") = "4_MetodyDelegatyGeneryczne", "4_MetodyDelegatyGeneryczne\4_MetodyDelegatyGeneryczne.csproj", "{4F60929F-6838-4A35-8B97-9403CA7C8066}"
EndProject
Global
	GlobalSection(SolutionConfigurationPlatforms) = preSolution
		Debug|Any CPU = Debug|Any CPU
		Release|Any CPU = Release|Any CPU
	EndGlobalSection
	GlobalSection(ProjectConfigurationPlatforms) = postSolution
		{47D104C2-C4A7-4FD5-A1B5-D970B51D93BB}.Debug|Any CPU.ActiveCfg = Debug|Any CPU
		{47D104C2-C4A7-4FD5-A1B5-D970B51D93BB}.Debug|Any CPU.Build.0 = Debug|Any CPU
		{47D104C2-C4A7-4FD5-A1B5-D970B51D93BB}.Release|Any CPU.ActiveCfg = Release|Any CPU
		{47D104C2-C4A7-4FD5-A1B5-D970B51D93BB}.Release|Any CPU.Build.0 = Release|Any CPU
		{C34189CA-E917-4856-B3ED-25805482894D}.Debug|Any CPU.ActiveCfg = Debug|Any CPU
		{C34189CA-E917-4856-B3ED-25805482894D}.Debug|Any CPU.Build.0 = Debug|Any CPU
		{C34189CA-E917-4856-B3ED-25805482894D}.Release|Any CPU.ActiveCfg = Release|Any CPU
		{C34189CA-E917-4856-B3ED-25805482894D}.Release|Any CPU.Build.0 = Release|Any CPU
		{AEF1D463-4EAE-4B11-AF00-351B5049F423}.Debug|Any CPU.ActiveCfg = Debug|Any CPU
		{AEF1D463-4EAE-4B11-AF00-351B5049F423}.Debug|Any CPU.Build.0 = Debug|Any CPU
		{AEF1D463-4EAE-4B11-AF00-351B5049F423}.Release|Any CPU.ActiveCfg = Release|Any CPU
		{AEF1D463-4EAE-4B11-AF00-351B5049F423}.Release|Any CPU.Build.0 = Release|Any CPU
		{8DD6167B-C34E-45FA-AF6D-CDCAC93325AF}.Debug|Any CPU.ActiveCfg = Debug|Any CPU
		{8DD6167B-C34E-45FA-AF6D-CDCAC93325AF}.Debug|Any CPU.Build.0 = Debug|Any CPU
		{8DD6167B-C34E-45FA-AF6D-CDCAC93325AF}.Release|Any CPU.ActiveCfg = Release|Any CPU
		{8DD6167B-C34E-45FA-AF6D-CDCAC93325AF}.Release|Any CPU.Build.0 = Release|Any CPU
		{4F60929F-6838-4A35-8B97-9403CA7C8066}.Debug|Any CPU.ActiveCfg = Debug|Any CPU
		{4F60929F-6838-4A35-8B97-9403CA7C8066}.Debug|Any CPU.Build.0 = Debug|Any CPU
		{4F60929F-6838-4A35-8B97-9403CA7C8066}.Release|Any CPU.ActiveCfg = Release|Any CPU
		{4F60929F-6838-4A35-8B97-9403CA7C8066}.Release|Any CPU.Build.0 = Release|Any CPU
	EndGlobalSection
	GlobalSection(SolutionProperties) = preSolution
		HideSolutionNode = FALSE
	EndGlobalSection
	GlobalSection(ExtensibilityGlobals) = postSolution
		SolutionGuid = {1F283D67-E6F6-4A8F-A5A5-A343852C737F}
	EndGlobalSection
EndGlobal
